{
  "name": "@jclind/ingredient-parser",
  "version": "1.0.11",
  "lockfileVersion": 3,
  "requires": true,
  "packages": {
    "": {
      "name": "@jclind/ingredient-parser",
      "version": "1.0.11",
      "license": "ISC",
      "dependencies": {
        "@jclind/ingredient-unit-converter": "^1.0.2",
        "@types/axios": "^0.14.0",
        "convert-units": "^2.3.4",
        "dotenv": "^16.0.3",
        "parse-ingredient": "^0.6.0",
        "recipe-ingredient-parser-v3": "^1.2.18",
        "typescript": "^4.9.4"
      }
    },
    "node_modules/@jclind/ingredient-unit-converter": {
      "version": "1.0.2",
      "resolved": "https://registry.npmjs.org/@jclind/ingredient-unit-converter/-/ingredient-unit-converter-1.0.2.tgz",
      "integrity": "sha512-p+zhI1DOLnVm5m8NUDXH7GLg8BMB7bC1J/7Zn9Hkmad5QZtxArVAmW8zmRZBzcaJpdyRq4/tzNmn1rnRuXYPbg==",
      "dependencies": {
        "typescript": "^4.9.4"
      }
    },
    "node_modules/@types/axios": {
      "version": "0.14.0",
      "resolved": "https://registry.npmjs.org/@types/axios/-/axios-0.14.0.tgz",
      "integrity": "sha512-KqQnQbdYE54D7oa/UmYVMZKq7CO4l8DEENzOKc4aBRwxCXSlJXGz83flFx5L7AWrOQnmuN3kVsRdt+GZPPjiVQ==",
      "deprecated": "This is a stub types definition for axios (https://github.com/mzabriskie/axios). axios provides its own type definitions, so you don't need @types/axios installed!",
      "dependencies": {
        "axios": "*"
      }
    },
    "node_modules/@types/node": {
      "version": "10.17.60",
      "resolved": "https://registry.npmjs.org/@types/node/-/node-10.17.60.tgz",
      "integrity": "sha512-F0KIgDJfy2nA3zMLmWGKxcH2ZVEtCZXHHdOQs2gSaQ27+lNeEfGxzkIw90aXswATX7AZ33tahPbzy6KAfUreVw=="
    },
    "node_modules/asynckit": {
      "version": "0.4.0",
      "resolved": "https://registry.npmjs.org/asynckit/-/asynckit-0.4.0.tgz",
      "integrity": "sha512-Oei9OH4tRh0YqU3GxhX79dM/mwVgvbZJaSNaRk+bshkj0S5cfHcgYakreBjrHwatXKbz+IoIdYLxrKim2MjW0Q=="
    },
    "node_modules/axios": {
      "version": "1.2.3",
      "resolved": "https://registry.npmjs.org/axios/-/axios-1.2.3.tgz",
      "integrity": "sha512-pdDkMYJeuXLZ6Xj/Q5J3Phpe+jbGdsSzlQaFVkMQzRUL05+6+tetX8TV3p4HrU4kzuO9bt+io/yGQxuyxA/xcw==",
      "dependencies": {
        "follow-redirects": "^1.15.0",
        "form-data": "^4.0.0",
        "proxy-from-env": "^1.1.0"
      }
    },
    "node_modules/combined-stream": {
      "version": "1.0.8",
      "resolved": "https://registry.npmjs.org/combined-stream/-/combined-stream-1.0.8.tgz",
      "integrity": "sha512-FQN4MRfuJeHf7cBbBMJFXhKSDq+2kAArBlmRBvcvFE5BB1HZKXtSFASDhdlz9zOYwxh8lDdnvmMOe/+5cdoEdg==",
      "dependencies": {
        "delayed-stream": "~1.0.0"
      },
      "engines": {
        "node": ">= 0.8"
      }
    },
    "node_modules/convert-units": {
      "version": "2.3.4",
      "resolved": "https://registry.npmjs.org/convert-units/-/convert-units-2.3.4.tgz",
      "integrity": "sha512-ERHfdA0UhHJp1IpwE6PnFJx8LqG7B1ZjJ20UvVCmopEnVCfER68Tbe3kvN63dLbYXDA2xFWRE6zd4Wsf0w7POg==",
      "dependencies": {
        "lodash.foreach": "2.3.x",
        "lodash.keys": "2.3.x"
      }
    },
    "node_modules/delayed-stream": {
      "version": "1.0.0",
      "resolved": "https://registry.npmjs.org/delayed-stream/-/delayed-stream-1.0.0.tgz",
      "integrity": "sha512-ZySD7Nf91aLB0RxL4KGrKHBXl7Eds1DAmEdcoVawXnLD7SDhpNgtuII2aAkg7a7QS41jxPSZ17p4VdGnMHk3MQ==",
      "engines": {
        "node": ">=0.4.0"
      }
    },
    "node_modules/dotenv": {
      "version": "16.0.3",
      "resolved": "https://registry.npmjs.org/dotenv/-/dotenv-16.0.3.tgz",
      "integrity": "sha512-7GO6HghkA5fYG9TYnNxi14/7K9f5occMlp3zXAuSxn7CKCxt9xbNWG7yF8hTCSUchlfWSe3uLmlPfigevRItzQ==",
      "engines": {
        "node": ">=12"
      }
    },
    "node_modules/follow-redirects": {
      "version": "1.15.2",
      "resolved": "https://registry.npmjs.org/follow-redirects/-/follow-redirects-1.15.2.tgz",
      "integrity": "sha512-VQLG33o04KaQ8uYi2tVNbdrWp1QWxNNea+nmIB4EVM28v0hmP17z7aG1+wAkNzVq4KeXTq3221ye5qTJP91JwA==",
      "funding": [
        {
          "type": "individual",
          "url": "https://github.com/sponsors/RubenVerborgh"
        }
      ],
      "engines": {
        "node": ">=4.0"
      },
      "peerDependenciesMeta": {
        "debug": {
          "optional": true
        }
      }
    },
    "node_modules/form-data": {
      "version": "4.0.0",
      "resolved": "https://registry.npmjs.org/form-data/-/form-data-4.0.0.tgz",
      "integrity": "sha512-ETEklSGi5t0QMZuiXoA/Q6vcnxcLQP5vdugSpuAyi6SVGi2clPPp+xgEhuMaHC+zGgn31Kd235W35f7Hykkaww==",
      "dependencies": {
        "asynckit": "^0.4.0",
        "combined-stream": "^1.0.8",
        "mime-types": "^2.1.12"
      },
      "engines": {
        "node": ">= 6"
      }
    },
    "node_modules/lodash._basebind": {
      "version": "2.3.0",
      "resolved": "https://registry.npmjs.org/lodash._basebind/-/lodash._basebind-2.3.0.tgz",
      "integrity": "sha512-SHqM7YCuJ+BeGTs7lqpWnmdHEeF4MWxS3dksJctHFNxR81FXPOzA4bS5Vs5CpcGTkBpM8FCl+YEbQEblRw8ABg==",
      "dependencies": {
        "lodash._basecreate": "~2.3.0",
        "lodash._setbinddata": "~2.3.0",
        "lodash.isobject": "~2.3.0"
      }
    },
    "node_modules/lodash._basecreate": {
      "version": "2.3.0",
      "resolved": "https://registry.npmjs.org/lodash._basecreate/-/lodash._basecreate-2.3.0.tgz",
      "integrity": "sha512-vwZaWldZwS2y9b99D8i9+WtgiZXbHKsBsMrpxJEqTsNW20NhJo5W8PBQkeQO9CmxuqEYn8UkMnfEM2MMT4cVrw==",
      "dependencies": {
        "lodash._renative": "~2.3.0",
        "lodash.isobject": "~2.3.0",
        "lodash.noop": "~2.3.0"
      }
    },
    "node_modules/lodash._basecreatecallback": {
      "version": "2.3.0",
      "resolved": "https://registry.npmjs.org/lodash._basecreatecallback/-/lodash._basecreatecallback-2.3.0.tgz",
      "integrity": "sha512-Ev+pDzzfVfgbiucpXijconLGRBar7/+KNCf05kSnk4CmdDVhAy1RdbU9efCJ/o9GXI08JdUGwZ+5QJ3QX3kj0g==",
      "dependencies": {
        "lodash._setbinddata": "~2.3.0",
        "lodash.bind": "~2.3.0",
        "lodash.identity": "~2.3.0",
        "lodash.support": "~2.3.0"
      }
    },
    "node_modules/lodash._basecreatewrapper": {
      "version": "2.3.0",
      "resolved": "https://registry.npmjs.org/lodash._basecreatewrapper/-/lodash._basecreatewrapper-2.3.0.tgz",
      "integrity": "sha512-YLycQ7k8AB9Wc1EOvLNxuRWcqipDkMXq2GCgnLWQR6qtgTb3gY3LELzEpnFshrEO4LOLs+R2EpcY+uCOZaLQ8Q==",
      "dependencies": {
        "lodash._basecreate": "~2.3.0",
        "lodash._setbinddata": "~2.3.0",
        "lodash._slice": "~2.3.0",
        "lodash.isobject": "~2.3.0"
      }
    },
    "node_modules/lodash._createwrapper": {
      "version": "2.3.0",
      "resolved": "https://registry.npmjs.org/lodash._createwrapper/-/lodash._createwrapper-2.3.0.tgz",
      "integrity": "sha512-XjaI/rzg9W+WO4WJDQ+PRlHD5sAMJ1RhJLuT65cBxLCb1kIYs4U20jqvTDGAWyVT3c34GYiLd9AreHYuB/8yJA==",
      "dependencies": {
        "lodash._basebind": "~2.3.0",
        "lodash._basecreatewrapper": "~2.3.0",
        "lodash.isfunction": "~2.3.0"
      }
    },
    "node_modules/lodash._objecttypes": {
      "version": "2.3.0",
      "resolved": "https://registry.npmjs.org/lodash._objecttypes/-/lodash._objecttypes-2.3.0.tgz",
      "integrity": "sha512-jbA6QyHt9cw3BzvbWzIcnU3Z12jSneT6xBgz3Y782CJsN1tV5aTBKrFo2B4AkeHBNaxSrbPYZZpi1Lwj3xjdtg=="
    },
    "node_modules/lodash._renative": {
      "version": "2.3.0",
      "resolved": "https://registry.npmjs.org/lodash._renative/-/lodash._renative-2.3.0.tgz",
      "integrity": "sha512-v44MRirqYqZGK/h5UKoVqXWF2L+LUiLTU+Ogu5rHRVWJUA1uWIlHaMpG8f/OA8j++BzPMQij9+erXHtgFcbuwg=="
    },
    "node_modules/lodash._setbinddata": {
      "version": "2.3.0",
      "resolved": "https://registry.npmjs.org/lodash._setbinddata/-/lodash._setbinddata-2.3.0.tgz",
      "integrity": "sha512-xMFfbF7dL+sFtrdE49uHFmfpBAEwlFtfgMp86nQRlAF6aizYL+3MTbnYMKJSkP1W501PhsgiBED5kBbZd8kR2g==",
      "dependencies": {
        "lodash._renative": "~2.3.0",
        "lodash.noop": "~2.3.0"
      }
    },
    "node_modules/lodash._shimkeys": {
      "version": "2.3.0",
      "resolved": "https://registry.npmjs.org/lodash._shimkeys/-/lodash._shimkeys-2.3.0.tgz",
      "integrity": "sha512-9Iuyi7TiWMGa/9+2rqEE+Zwye4b/U2w7Saw6UX1h6Xs88mEER+uz9FZcEBPKMVKsad9Pw5GNAcIBRnW2jNpneQ==",
      "dependencies": {
        "lodash._objecttypes": "~2.3.0"
      }
    },
    "node_modules/lodash._slice": {
      "version": "2.3.0",
      "resolved": "https://registry.npmjs.org/lodash._slice/-/lodash._slice-2.3.0.tgz",
      "integrity": "sha512-7C61GhzRUv36gTafr+RIb+AomCAYsSATEoK4OP0VkNBcwvsM022Z22AVgqjjzikeNO1U29LzsJZDvLbiNPUYvA=="
    },
    "node_modules/lodash.bind": {
      "version": "2.3.0",
      "resolved": "https://registry.npmjs.org/lodash.bind/-/lodash.bind-2.3.0.tgz",
      "integrity": "sha512-goakyOo+FMN8lttMPnZ0UNlr5RlzX4IrUXyTJPT2A0tGCMXySupond9wzvDqTvVmYTcQjIKGrj8naJDS2xWAlQ==",
      "dependencies": {
        "lodash._createwrapper": "~2.3.0",
        "lodash._renative": "~2.3.0",
        "lodash._slice": "~2.3.0"
      }
    },
    "node_modules/lodash.foreach": {
      "version": "2.3.0",
      "resolved": "https://registry.npmjs.org/lodash.foreach/-/lodash.foreach-2.3.0.tgz",
      "integrity": "sha512-yLnyptVRJd0//AbGp480grgQG9iaDIV5uOgSbpurRy1dYybPbjNTLQ3FyLEQ84buVLPG7jyaiyvpzgfOutRB3Q==",
      "dependencies": {
        "lodash._basecreatecallback": "~2.3.0",
        "lodash.forown": "~2.3.0"
      }
    },
    "node_modules/lodash.forown": {
      "version": "2.3.0",
      "resolved": "https://registry.npmjs.org/lodash.forown/-/lodash.forown-2.3.0.tgz",
      "integrity": "sha512-dUnCsuQTtq3Y7bxPNoEEqjJjPL2ftLtcz2PTeRKvhbpdM514AvnqCjewHGsm/W+dwspIwa14KoWEZeizJ7smxA==",
      "dependencies": {
        "lodash._basecreatecallback": "~2.3.0",
        "lodash._objecttypes": "~2.3.0",
        "lodash.keys": "~2.3.0"
      }
    },
    "node_modules/lodash.identity": {
      "version": "2.3.0",
      "resolved": "https://registry.npmjs.org/lodash.identity/-/lodash.identity-2.3.0.tgz",
      "integrity": "sha512-NYJ2r2cwy3tkx/saqbIZEX6oQUzjWTnGRu7d/zmBjMCZos3eHBxCpbvWFWSetv8jFVrptsp6EbWjzNgBKhUoOA=="
    },
    "node_modules/lodash.isfunction": {
      "version": "2.3.0",
      "resolved": "https://registry.npmjs.org/lodash.isfunction/-/lodash.isfunction-2.3.0.tgz",
      "integrity": "sha512-X5lteBYlCrVO7Qc00fxP8W90fzRp6Ax9XcHANmU3OsZHdSyIVZ9ZlX5QTTpRq8aGY+9I5Rmd0UTzTIIyWPugEQ=="
    },
    "node_modules/lodash.isobject": {
      "version": "2.3.0",
      "resolved": "https://registry.npmjs.org/lodash.isobject/-/lodash.isobject-2.3.0.tgz",
      "integrity": "sha512-jo1pfV61C4TE8BfEzqaHj6EIKiSkFANJrB6yscwuCJMSRw5tbqjk4Gv7nJzk4Z6nFKobZjGZ8Qd41vmnwgeQqQ==",
      "dependencies": {
        "lodash._objecttypes": "~2.3.0"
      }
    },
    "node_modules/lodash.keys": {
      "version": "2.3.0",
      "resolved": "https://registry.npmjs.org/lodash.keys/-/lodash.keys-2.3.0.tgz",
      "integrity": "sha512-c0UW0ffqMxSCtoVbmVt2lERJLkEqgoOn2ejPsWXzr0ZrqRbl3uruGgwHzhtqXxi6K/ei3Ey7zimOqSwXgzazPg==",
      "dependencies": {
        "lodash._renative": "~2.3.0",
        "lodash._shimkeys": "~2.3.0",
        "lodash.isobject": "~2.3.0"
      }
    },
    "node_modules/lodash.noop": {
      "version": "2.3.0",
      "resolved": "https://registry.npmjs.org/lodash.noop/-/lodash.noop-2.3.0.tgz",
      "integrity": "sha512-NpSm8HRm1WkBBWHUveDukLF4Kfb5P5E3fjHc9Qre9A11nNubozLWD2wH3UBTZbu+KSuX8aSUvy9b+PUyEceJ8g=="
    },
    "node_modules/lodash.support": {
      "version": "2.3.0",
      "resolved": "https://registry.npmjs.org/lodash.support/-/lodash.support-2.3.0.tgz",
      "integrity": "sha512-etc7VWbB0U3Iya8ixj2xy4sDBN3jvPX7ODi8iXtn4KkkjNpdngrdc7Vlt5jub/Vgqx6/dWtp7Ml9awhCQPYKGQ==",
      "dependencies": {
        "lodash._renative": "~2.3.0"
      }
    },
    "node_modules/mime-db": {
      "version": "1.52.0",
      "resolved": "https://registry.npmjs.org/mime-db/-/mime-db-1.52.0.tgz",
      "integrity": "sha512-sPU4uV7dYlvtWJxwwxHD0PuihVNiE7TyAbQ5SWxDCB9mUYvOgroQOwYQQOKPJ8CIbE+1ETVlOoK1UC2nU3gYvg==",
      "engines": {
        "node": ">= 0.6"
      }
    },
    "node_modules/mime-types": {
      "version": "2.1.35",
      "resolved": "https://registry.npmjs.org/mime-types/-/mime-types-2.1.35.tgz",
      "integrity": "sha512-ZDY+bPm5zTTF+YpCrAU9nK0UgICYPT0QtT1NZWFv4s++TNkcgVaT0g6+4R2uI4MjQjzysHB1zxuWL50hzaeXiw==",
      "dependencies": {
        "mime-db": "1.52.0"
      },
      "engines": {
        "node": ">= 0.6"
      }
    },
    "node_modules/numeric-quantity": {
      "version": "1.0.4",
      "resolved": "https://registry.npmjs.org/numeric-quantity/-/numeric-quantity-1.0.4.tgz",
      "integrity": "sha512-FT7tD29l3vf35bXykhVgW7foq1SxSpm0k34RQort6l6ilFEKAXYrJcnFHBIg59MTs2s9yZXr29hKq23xjGw6pw==",
      "engines": {
        "node": ">=10"
      }
    },
    "node_modules/parse-ingredient": {
      "version": "0.6.0",
      "resolved": "https://registry.npmjs.org/parse-ingredient/-/parse-ingredient-0.6.0.tgz",
      "integrity": "sha512-I9neV5NCet1LTPzkAvdogeZ8PfUAgm32GHh5v73VM3za5PJvybIOpPYIDYsoP5wR5izFb27/iNYJxQ9Jbav/1Q==",
      "dependencies": {
        "numeric-quantity": "^1.0.4"
      },
      "engines": {
        "node": ">=10"
      }
    },
    "node_modules/proxy-from-env": {
      "version": "1.1.0",
      "resolved": "https://registry.npmjs.org/proxy-from-env/-/proxy-from-env-1.1.0.tgz",
      "integrity": "sha512-D+zkORCbA9f1tdWRK0RaCR3GPv50cMxcrz4X8k5LTSUD1Dkw47mKJEZQNunItRTkWwgtaUSo1RVFRIG9ZXiFYg=="
    },
    "node_modules/recipe-ingredient-parser-v3": {
      "version": "1.2.18",
      "resolved": "https://registry.npmjs.org/recipe-ingredient-parser-v3/-/recipe-ingredient-parser-v3-1.2.18.tgz",
      "integrity": "sha512-HH7Oxnnl5ZO+ww7RME67lrPB6RytxG6PiLtNKtZ6tTUH7gBLPNCF8V+Cj+4n9G+Xlg/JzxeVZSeJFhsv7NC8vA==",
      "dependencies": {
        "@types/node": "^10.5.1"
      }
    },
    "node_modules/typescript": {
      "version": "4.9.4",
      "resolved": "https://registry.npmjs.org/typescript/-/typescript-4.9.4.tgz",
      "integrity": "sha512-Uz+dTXYzxXXbsFpM86Wh3dKCxrQqUcVMxwU54orwlJjOpO3ao8L7j5lH+dWfTwgCwIuM9GQ2kvVotzYJMXTBZg==",
      "bin": {
        "tsc": "bin/tsc",
        "tsserver": "bin/tsserver"
      },
      "engines": {
        "node": ">=4.2.0"
      }
    }
  }
}
